
Microsoft Visual Studio Solution File, Format Version 12.00
# Visual Studio 14
VisualStudioVersion = 14.0.25420.1
MinimumVisualStudioVersion = 10.0.40219.1
Project("{FAE04EC0-301F-11D3-BF4B-00C04F79EFBC}") = "Output_all_divisions_of_number", "Output_all_divisions_of_number\Output_all_divisions_of_number.csproj", "{107749F3-D141-44F4-BE82-4BF26864C10E}"
EndProject
Global
	GlobalSection(SolutionConfigurationPlatforms) = preSolution
		Debug|Any CPU = Debug|Any CPU
		Release|Any CPU = Release|Any CPU
	EndGlobalSection
	GlobalSection(ProjectConfigurationPlatforms) = postSolution
		{107749F3-D141-44F4-BE82-4BF26864C10E}.Debug|Any CPU.ActiveCfg = Debug|Any CPU
		{107749F3-D141-44F4-BE82-4BF26864C10E}.Debug|Any CPU.Build.0 = Debug|Any CPU
		{107749F3-D141-44F4-BE82-4BF26864C10E}.Release|Any CPU.ActiveCfg = Release|Any CPU
		{107749F3-D141-44F4-BE82-4BF26864C10E}.Release|Any CPU.Build.0 = Release|Any CPU
	EndGlobalSection
	GlobalSection(SolutionProperties) = preSolution
		HideSolutionNode = FALSE
	EndGlobalSection
EndGlobal
